{
    "version": 3,
    "terraform_version": "0.11.13",
    "serial": 23,
    "lineage": "228c938a-49d9-0f11-c00f-01e521ecdc4e",
    "modules": [
        {
            "path": [
                "root"
            ],
            "outputs": {
                "public_dns": {
                    "sensitive": false,
                    "type": "list",
                    "value": [
                        "ec2-13-234-48-84.ap-south-1.compute.amazonaws.com",
                        "ec2-35-154-246-10.ap-south-1.compute.amazonaws.com"
                    ]
                },
                "public_ip": {
                    "sensitive": false,
                    "type": "list",
                    "value": [
                        "13.234.48.84",
                        "35.154.246.10"
                    ]
                },
                "security_groups": {
                    "sensitive": false,
                    "type": "list",
                    "value": [
                        [
                            "terraformSG"
                        ],
                        [
                            "terraformSG"
                        ]
                    ]
                }
            },
            "resources": {
                "aws_instance.myfirstec2.0": {
                    "type": "aws_instance",
                    "depends_on": [
                        "aws_key_pair.tf_demo",
                        "aws_security_group.SG"
                    ],
                    "primary": {
                        "id": "i-0e1d920b11e4fc14d",
                        "attributes": {
                            "ami": "ami-5b673c34",
                            "arn": "arn:aws:ec2:ap-south-1:655131789217:instance/i-0e1d920b11e4fc14d",
                            "associate_public_ip_address": "true",
                            "availability_zone": "ap-south-1a",
                            "cpu_core_count": "1",
                            "cpu_threads_per_core": "1",
                            "credit_specification.#": "1",
                            "credit_specification.0.cpu_credits": "standard",
                            "disable_api_termination": "false",
                            "ebs_block_device.#": "0",
                            "ebs_optimized": "false",
                            "ephemeral_block_device.#": "0",
                            "get_password_data": "false",
                            "iam_instance_profile": "",
                            "id": "i-0e1d920b11e4fc14d",
                            "instance_state": "running",
                            "instance_type": "t2.micro",
                            "ipv6_addresses.#": "0",
                            "key_name": "tf_demo",
                            "monitoring": "false",
                            "network_interface.#": "0",
                            "password_data": "",
                            "placement_group": "",
                            "primary_network_interface_id": "eni-0ee91435c2a9e10c2",
                            "private_dns": "ip-172-31-16-18.ap-south-1.compute.internal",
                            "private_ip": "172.31.16.18",
                            "public_dns": "ec2-13-234-48-84.ap-south-1.compute.amazonaws.com",
                            "public_ip": "13.234.48.84",
                            "root_block_device.#": "1",
                            "root_block_device.0.delete_on_termination": "true",
                            "root_block_device.0.iops": "100",
                            "root_block_device.0.volume_id": "vol-0345a3921dd67f67d",
                            "root_block_device.0.volume_size": "10",
                            "root_block_device.0.volume_type": "gp2",
                            "security_groups.#": "1",
                            "security_groups.848003933": "terraformSG",
                            "source_dest_check": "true",
                            "subnet_id": "subnet-5324763b",
                            "tags.%": "1",
                            "tags.Name": "sonar",
                            "tenancy": "default",
                            "user_data": "8152517e3689adca96990d27c8a1b6642948109b",
                            "volume_tags.%": "0",
                            "vpc_security_group_ids.#": "1",
                            "vpc_security_group_ids.3019941029": "sg-03ca8ac463d813377"
                        },
                        "meta": {
                            "e2bfb730-ecaa-11e6-8f88-34363bc7c4c0": {
                                "create": 600000000000,
                                "delete": 1200000000000,
                                "update": 600000000000
                            },
                            "schema_version": "1"
                        },
                        "tainted": false
                    },
                    "deposed": [],
                    "provider": "provider.aws"
                },
                "aws_instance.myfirstec2.1": {
                    "type": "aws_instance",
                    "depends_on": [
                        "aws_key_pair.tf_demo",
                        "aws_security_group.SG"
                    ],
                    "primary": {
                        "id": "i-0b0aebab2bcd38ad7",
                        "attributes": {
                            "ami": "ami-5b673c34",
                            "arn": "arn:aws:ec2:ap-south-1:655131789217:instance/i-0b0aebab2bcd38ad7",
                            "associate_public_ip_address": "true",
                            "availability_zone": "ap-south-1a",
                            "cpu_core_count": "1",
                            "cpu_threads_per_core": "1",
                            "credit_specification.#": "1",
                            "credit_specification.0.cpu_credits": "standard",
                            "disable_api_termination": "false",
                            "ebs_block_device.#": "0",
                            "ebs_optimized": "false",
                            "ephemeral_block_device.#": "0",
                            "get_password_data": "false",
                            "iam_instance_profile": "",
                            "id": "i-0b0aebab2bcd38ad7",
                            "instance_state": "running",
                            "instance_type": "t2.micro",
                            "ipv6_addresses.#": "0",
                            "key_name": "tf_demo",
                            "monitoring": "false",
                            "network_interface.#": "0",
                            "password_data": "",
                            "placement_group": "",
                            "primary_network_interface_id": "eni-022ff9a346efabb97",
                            "private_dns": "ip-172-31-24-199.ap-south-1.compute.internal",
                            "private_ip": "172.31.24.199",
                            "public_dns": "ec2-35-154-246-10.ap-south-1.compute.amazonaws.com",
                            "public_ip": "35.154.246.10",
                            "root_block_device.#": "1",
                            "root_block_device.0.delete_on_termination": "true",
                            "root_block_device.0.iops": "100",
                            "root_block_device.0.volume_id": "vol-0c93775c3e881216d",
                            "root_block_device.0.volume_size": "10",
                            "root_block_device.0.volume_type": "gp2",
                            "security_groups.#": "1",
                            "security_groups.848003933": "terraformSG",
                            "source_dest_check": "true",
                            "subnet_id": "subnet-5324763b",
                            "tags.%": "1",
                            "tags.Name": "jenkins",
                            "tenancy": "default",
                            "user_data": "8152517e3689adca96990d27c8a1b6642948109b",
                            "volume_tags.%": "0",
                            "vpc_security_group_ids.#": "1",
                            "vpc_security_group_ids.3019941029": "sg-03ca8ac463d813377"
                        },
                        "meta": {
                            "e2bfb730-ecaa-11e6-8f88-34363bc7c4c0": {
                                "create": 600000000000,
                                "delete": 1200000000000,
                                "update": 600000000000
                            },
                            "schema_version": "1"
                        },
                        "tainted": false
                    },
                    "deposed": [],
                    "provider": "provider.aws"
                },
                "aws_key_pair.tf_demo": {
                    "type": "aws_key_pair",
                    "depends_on": [],
                    "primary": {
                        "id": "tf_demo",
                        "attributes": {
                            "fingerprint": "14:f2:b3:5d:2d:14:a6:45:2e:04:94:bf:7e:b5:b2:32",
                            "id": "tf_demo",
                            "key_name": "tf_demo",
                            "public_key": "ssh-rsa AAAAB3NzaC1yc2EAAAADAQABAAABAQCkU6sendj4pexOpGGQ+iUO9XfZSYDOhxdnMOu0SKoLnaRzZujFiWwMrqCRc9zZ5hY1wNcHbB5/dXXHWVGtmM1PV8gt7KpCD0Xq/5AJhkOZlziyxxsiKhTCjV2foBi2OXIBuOuHIuYNF1fFZelT39wd9mExBVm0tVtPFag9lr+VB5OiGnlaj5Ai0kDBjraFiuXxi4NsDP+u4PlNn4OH1ZAep4KwKNco5yjtlqZQPkLa2yxodInn0E6NPdtYVpBH+KMM2VkcoU+e8SgGZNbCN5DqU69CoZbPrOaw3jsrlM8nTJhupuJHs916n46SgGuwLAsrME3L+naVYrCMBbmh5GBz ec2-user@ip-172-31-84-136.ec2.internal"
                        },
                        "meta": {
                            "schema_version": "1"
                        },
                        "tainted": false
                    },
                    "deposed": [],
                    "provider": "provider.aws"
                },
                "aws_security_group.SG": {
                    "type": "aws_security_group",
                    "depends_on": [],
                    "primary": {
                        "id": "sg-03ca8ac463d813377",
                        "attributes": {
                            "arn": "arn:aws:ec2:ap-south-1:655131789217:security-group/sg-03ca8ac463d813377",
                            "description": "Managed by Terraform",
                            "egress.#": "1",
                            "egress.482069346.cidr_blocks.#": "1",
                            "egress.482069346.cidr_blocks.0": "0.0.0.0/0",
                            "egress.482069346.description": "",
                            "egress.482069346.from_port": "0",
                            "egress.482069346.ipv6_cidr_blocks.#": "0",
                            "egress.482069346.prefix_list_ids.#": "0",
                            "egress.482069346.protocol": "-1",
                            "egress.482069346.security_groups.#": "0",
                            "egress.482069346.self": "false",
                            "egress.482069346.to_port": "0",
                            "id": "sg-03ca8ac463d813377",
                            "ingress.#": "2",
                            "ingress.2214680975.cidr_blocks.#": "1",
                            "ingress.2214680975.cidr_blocks.0": "0.0.0.0/0",
                            "ingress.2214680975.description": "",
                            "ingress.2214680975.from_port": "80",
                            "ingress.2214680975.ipv6_cidr_blocks.#": "0",
                            "ingress.2214680975.prefix_list_ids.#": "0",
                            "ingress.2214680975.protocol": "tcp",
                            "ingress.2214680975.security_groups.#": "0",
                            "ingress.2214680975.self": "false",
                            "ingress.2214680975.to_port": "80",
                            "ingress.2541437006.cidr_blocks.#": "1",
                            "ingress.2541437006.cidr_blocks.0": "0.0.0.0/0",
                            "ingress.2541437006.description": "",
                            "ingress.2541437006.from_port": "22",
                            "ingress.2541437006.ipv6_cidr_blocks.#": "0",
                            "ingress.2541437006.prefix_list_ids.#": "0",
                            "ingress.2541437006.protocol": "tcp",
                            "ingress.2541437006.security_groups.#": "0",
                            "ingress.2541437006.self": "false",
                            "ingress.2541437006.to_port": "22",
                            "name": "terraformSG",
                            "owner_id": "655131789217",
                            "revoke_rules_on_delete": "false",
                            "tags.%": "0",
                            "vpc_id": "vpc-c71722af"
                        },
                        "meta": {
                            "e2bfb730-ecaa-11e6-8f88-34363bc7c4c0": {
                                "create": 600000000000,
                                "delete": 600000000000
                            },
                            "schema_version": "1"
                        },
                        "tainted": false
                    },
                    "deposed": [],
                    "provider": "provider.aws"
                }
            },
            "depends_on": []
        }
    ]
}
