{
    "version": 3,
    "terraform_version": "0.11.13",
    "serial": 8,
    "lineage": "2811014c-a6ef-07ed-c221-f02ad4a3f576",
    "modules": [
        {
            "path": [
                "root"
            ],
            "outputs": {
                "elb-dns-name": {
                    "sensitive": false,
                    "type": "string",
                    "value": "java-elb-1083240030.us-west-2.elb.amazonaws.com"
                }
            },
            "resources": {
                "aws_elb.java-elb": {
                    "type": "aws_elb",
                    "depends_on": [
                        "aws_instance.webservers.*",
                        "aws_security_group.webservers",
                        "aws_subnet.public.*"
                    ],
                    "primary": {
                        "id": "java-elb",
                        "attributes": {
                            "access_logs.#": "0",
                            "arn": "arn:aws:elasticloadbalancing:us-west-2:655131789217:loadbalancer/java-elb",
                            "availability_zones.#": "2",
                            "availability_zones.221770259": "us-west-2b",
                            "availability_zones.2487133097": "us-west-2a",
                            "connection_draining": "true",
                            "connection_draining_timeout": "300",
                            "cross_zone_load_balancing": "true",
                            "dns_name": "java-elb-1083240030.us-west-2.elb.amazonaws.com",
                            "health_check.#": "1",
                            "health_check.0.healthy_threshold": "2",
                            "health_check.0.interval": "30",
                            "health_check.0.target": "HTTP:80/index.html",
                            "health_check.0.timeout": "3",
                            "health_check.0.unhealthy_threshold": "2",
                            "id": "java-elb",
                            "idle_timeout": "100",
                            "instances.#": "2",
                            "instances.2171291248": "i-07ed3b882c658b8cb",
                            "instances.378450086": "i-07f05eb156d3ef121",
                            "internal": "false",
                            "listener.#": "1",
                            "listener.3057123346.instance_port": "80",
                            "listener.3057123346.instance_protocol": "http",
                            "listener.3057123346.lb_port": "80",
                            "listener.3057123346.lb_protocol": "http",
                            "listener.3057123346.ssl_certificate_id": "",
                            "name": "java-elb",
                            "security_groups.#": "1",
                            "security_groups.3267195881": "sg-00604d32602a9ac65",
                            "source_security_group": "655131789217/allow_httpd",
                            "source_security_group_id": "sg-00604d32602a9ac65",
                            "subnets.#": "2",
                            "subnets.2020535698": "subnet-014d307282cf01a3d",
                            "subnets.3086158991": "subnet-0ede9cc725e026b0e",
                            "tags.%": "1",
                            "tags.Name": "JAVA-terraform-elb",
                            "zone_id": "Z1H1FL5HABSF5"
                        },
                        "meta": {},
                        "tainted": false
                    },
                    "deposed": [],
                    "provider": "provider.aws"
                },
                "aws_instance.webservers.0": {
                    "type": "aws_instance",
                    "depends_on": [
                        "aws_security_group.webservers",
                        "aws_subnet.public.*"
                    ],
                    "primary": {
                        "id": "i-07f05eb156d3ef121",
                        "attributes": {
                            "ami": "ami-036affea69a1101c9",
                            "arn": "arn:aws:ec2:us-west-2:655131789217:instance/i-07f05eb156d3ef121",
                            "associate_public_ip_address": "true",
                            "availability_zone": "us-west-2a",
                            "cpu_core_count": "1",
                            "cpu_threads_per_core": "1",
                            "credit_specification.#": "1",
                            "credit_specification.0.cpu_credits": "standard",
                            "disable_api_termination": "false",
                            "ebs_block_device.#": "0",
                            "ebs_optimized": "false",
                            "ephemeral_block_device.#": "0",
                            "get_password_data": "false",
                            "iam_instance_profile": "",
                            "id": "i-07f05eb156d3ef121",
                            "instance_state": "running",
                            "instance_type": "t2.micro",
                            "ipv6_address_count": "0",
                            "ipv6_addresses.#": "0",
                            "key_name": "",
                            "monitoring": "false",
                            "network_interface.#": "0",
                            "password_data": "",
                            "placement_group": "",
                            "primary_network_interface_id": "eni-01422f8eb7f5fc3fd",
                            "private_dns": "ip-10-20-1-83.us-west-2.compute.internal",
                            "private_ip": "10.20.1.83",
                            "public_dns": "",
                            "public_ip": "54.184.225.160",
                            "root_block_device.#": "1",
                            "root_block_device.0.delete_on_termination": "true",
                            "root_block_device.0.iops": "100",
                            "root_block_device.0.volume_id": "vol-0825babb1fdc60a70",
                            "root_block_device.0.volume_size": "10",
                            "root_block_device.0.volume_type": "gp2",
                            "security_groups.#": "0",
                            "source_dest_check": "true",
                            "subnet_id": "subnet-014d307282cf01a3d",
                            "tags.%": "1",
                            "tags.Name": "server-0",
                            "tenancy": "default",
                            "user_data": "8d33c95e3ee7c25fcb3bd6068ad32c5fe0e752f0",
                            "volume_tags.%": "0",
                            "vpc_security_group_ids.#": "1",
                            "vpc_security_group_ids.3267195881": "sg-00604d32602a9ac65"
                        },
                        "meta": {
                            "e2bfb730-ecaa-11e6-8f88-34363bc7c4c0": {
                                "create": 600000000000,
                                "delete": 1200000000000,
                                "update": 600000000000
                            },
                            "schema_version": "1"
                        },
                        "tainted": false
                    },
                    "deposed": [],
                    "provider": "provider.aws"
                },
                "aws_instance.webservers.1": {
                    "type": "aws_instance",
                    "depends_on": [
                        "aws_security_group.webservers",
                        "aws_subnet.public.*"
                    ],
                    "primary": {
                        "id": "i-07ed3b882c658b8cb",
                        "attributes": {
                            "ami": "ami-036affea69a1101c9",
                            "arn": "arn:aws:ec2:us-west-2:655131789217:instance/i-07ed3b882c658b8cb",
                            "associate_public_ip_address": "true",
                            "availability_zone": "us-west-2b",
                            "cpu_core_count": "1",
                            "cpu_threads_per_core": "1",
                            "credit_specification.#": "1",
                            "credit_specification.0.cpu_credits": "standard",
                            "disable_api_termination": "false",
                            "ebs_block_device.#": "0",
                            "ebs_optimized": "false",
                            "ephemeral_block_device.#": "0",
                            "get_password_data": "false",
                            "iam_instance_profile": "",
                            "id": "i-07ed3b882c658b8cb",
                            "instance_state": "running",
                            "instance_type": "t2.micro",
                            "ipv6_address_count": "0",
                            "ipv6_addresses.#": "0",
                            "key_name": "",
                            "monitoring": "false",
                            "network_interface.#": "0",
                            "password_data": "",
                            "placement_group": "",
                            "primary_network_interface_id": "eni-0a98da350179b2233",
                            "private_dns": "ip-10-20-2-228.us-west-2.compute.internal",
                            "private_ip": "10.20.2.228",
                            "public_dns": "",
                            "public_ip": "18.236.143.0",
                            "root_block_device.#": "1",
                            "root_block_device.0.delete_on_termination": "true",
                            "root_block_device.0.iops": "100",
                            "root_block_device.0.volume_id": "vol-04fce7e1cbeb2320f",
                            "root_block_device.0.volume_size": "10",
                            "root_block_device.0.volume_type": "gp2",
                            "security_groups.#": "0",
                            "source_dest_check": "true",
                            "subnet_id": "subnet-0ede9cc725e026b0e",
                            "tags.%": "1",
                            "tags.Name": "server-1",
                            "tenancy": "default",
                            "user_data": "8d33c95e3ee7c25fcb3bd6068ad32c5fe0e752f0",
                            "volume_tags.%": "0",
                            "vpc_security_group_ids.#": "1",
                            "vpc_security_group_ids.3267195881": "sg-00604d32602a9ac65"
                        },
                        "meta": {
                            "e2bfb730-ecaa-11e6-8f88-34363bc7c4c0": {
                                "create": 600000000000,
                                "delete": 1200000000000,
                                "update": 600000000000
                            },
                            "schema_version": "1"
                        },
                        "tainted": false
                    },
                    "deposed": [],
                    "provider": "provider.aws"
                },
                "aws_internet_gateway.java_igw": {
                    "type": "aws_internet_gateway",
                    "depends_on": [
                        "aws_vpc.java_vpc"
                    ],
                    "primary": {
                        "id": "igw-0057a8206b7d7c75d",
                        "attributes": {
                            "id": "igw-0057a8206b7d7c75d",
                            "owner_id": "655131789217",
                            "tags.%": "1",
                            "tags.Name": "javaIGW",
                            "vpc_id": "vpc-001818ee90fba7e01"
                        },
                        "meta": {},
                        "tainted": false
                    },
                    "deposed": [],
                    "provider": "provider.aws"
                },
                "aws_route_table.public_rt": {
                    "type": "aws_route_table",
                    "depends_on": [
                        "aws_internet_gateway.java_igw",
                        "aws_vpc.java_vpc"
                    ],
                    "primary": {
                        "id": "rtb-0e98ab1d2345a09c5",
                        "attributes": {
                            "id": "rtb-0e98ab1d2345a09c5",
                            "owner_id": "655131789217",
                            "propagating_vgws.#": "0",
                            "route.#": "1",
                            "route.2474525554.cidr_block": "0.0.0.0/0",
                            "route.2474525554.egress_only_gateway_id": "",
                            "route.2474525554.gateway_id": "igw-0057a8206b7d7c75d",
                            "route.2474525554.instance_id": "",
                            "route.2474525554.ipv6_cidr_block": "",
                            "route.2474525554.nat_gateway_id": "",
                            "route.2474525554.network_interface_id": "",
                            "route.2474525554.transit_gateway_id": "",
                            "route.2474525554.vpc_peering_connection_id": "",
                            "tags.%": "1",
                            "tags.Name": "PublicRT",
                            "vpc_id": "vpc-001818ee90fba7e01"
                        },
                        "meta": {},
                        "tainted": false
                    },
                    "deposed": [],
                    "provider": "provider.aws"
                },
                "aws_route_table_association.public.0": {
                    "type": "aws_route_table_association",
                    "depends_on": [
                        "aws_route_table.public_rt",
                        "aws_subnet.public.*"
                    ],
                    "primary": {
                        "id": "rtbassoc-082d3b5e0986192be",
                        "attributes": {
                            "id": "rtbassoc-082d3b5e0986192be",
                            "route_table_id": "rtb-0e98ab1d2345a09c5",
                            "subnet_id": "subnet-014d307282cf01a3d"
                        },
                        "meta": {},
                        "tainted": false
                    },
                    "deposed": [],
                    "provider": "provider.aws"
                },
                "aws_route_table_association.public.1": {
                    "type": "aws_route_table_association",
                    "depends_on": [
                        "aws_route_table.public_rt",
                        "aws_subnet.public.*"
                    ],
                    "primary": {
                        "id": "rtbassoc-0877019e19862d1f1",
                        "attributes": {
                            "id": "rtbassoc-0877019e19862d1f1",
                            "route_table_id": "rtb-0e98ab1d2345a09c5",
                            "subnet_id": "subnet-0ede9cc725e026b0e"
                        },
                        "meta": {},
                        "tainted": false
                    },
                    "deposed": [],
                    "provider": "provider.aws"
                },
                "aws_security_group.webservers": {
                    "type": "aws_security_group",
                    "depends_on": [
                        "aws_vpc.java_vpc"
                    ],
                    "primary": {
                        "id": "sg-00604d32602a9ac65",
                        "attributes": {
                            "arn": "arn:aws:ec2:us-west-2:655131789217:security-group/sg-00604d32602a9ac65",
                            "description": "Allow httpd inbound traffic",
                            "egress.#": "1",
                            "egress.482069346.cidr_blocks.#": "1",
                            "egress.482069346.cidr_blocks.0": "0.0.0.0/0",
                            "egress.482069346.description": "",
                            "egress.482069346.from_port": "0",
                            "egress.482069346.ipv6_cidr_blocks.#": "0",
                            "egress.482069346.prefix_list_ids.#": "0",
                            "egress.482069346.protocol": "-1",
                            "egress.482069346.security_groups.#": "0",
                            "egress.482069346.self": "false",
                            "egress.482069346.to_port": "0",
                            "id": "sg-00604d32602a9ac65",
                            "ingress.#": "1",
                            "ingress.2214680975.cidr_blocks.#": "1",
                            "ingress.2214680975.cidr_blocks.0": "0.0.0.0/0",
                            "ingress.2214680975.description": "",
                            "ingress.2214680975.from_port": "80",
                            "ingress.2214680975.ipv6_cidr_blocks.#": "0",
                            "ingress.2214680975.prefix_list_ids.#": "0",
                            "ingress.2214680975.protocol": "tcp",
                            "ingress.2214680975.security_groups.#": "0",
                            "ingress.2214680975.self": "false",
                            "ingress.2214680975.to_port": "80",
                            "name": "allow_httpd",
                            "owner_id": "655131789217",
                            "revoke_rules_on_delete": "false",
                            "tags.%": "0",
                            "vpc_id": "vpc-001818ee90fba7e01"
                        },
                        "meta": {
                            "e2bfb730-ecaa-11e6-8f88-34363bc7c4c0": {
                                "create": 600000000000,
                                "delete": 600000000000
                            },
                            "schema_version": "1"
                        },
                        "tainted": false
                    },
                    "deposed": [],
                    "provider": "provider.aws"
                },
                "aws_subnet.public.0": {
                    "type": "aws_subnet",
                    "depends_on": [
                        "aws_vpc.java_vpc"
                    ],
                    "primary": {
                        "id": "subnet-014d307282cf01a3d",
                        "attributes": {
                            "arn": "arn:aws:ec2:us-west-2:655131789217:subnet/subnet-014d307282cf01a3d",
                            "assign_ipv6_address_on_creation": "false",
                            "availability_zone": "us-west-2a",
                            "availability_zone_id": "usw2-az2",
                            "cidr_block": "10.20.1.0/24",
                            "id": "subnet-014d307282cf01a3d",
                            "ipv6_cidr_block": "",
                            "ipv6_cidr_block_association_id": "",
                            "map_public_ip_on_launch": "true",
                            "owner_id": "655131789217",
                            "tags.%": "1",
                            "tags.Name": "subnet-1",
                            "vpc_id": "vpc-001818ee90fba7e01"
                        },
                        "meta": {
                            "e2bfb730-ecaa-11e6-8f88-34363bc7c4c0": {
                                "create": 600000000000,
                                "delete": 600000000000
                            },
                            "schema_version": "1"
                        },
                        "tainted": false
                    },
                    "deposed": [],
                    "provider": "provider.aws"
                },
                "aws_subnet.public.1": {
                    "type": "aws_subnet",
                    "depends_on": [
                        "aws_vpc.java_vpc"
                    ],
                    "primary": {
                        "id": "subnet-0ede9cc725e026b0e",
                        "attributes": {
                            "arn": "arn:aws:ec2:us-west-2:655131789217:subnet/subnet-0ede9cc725e026b0e",
                            "assign_ipv6_address_on_creation": "false",
                            "availability_zone": "us-west-2b",
                            "availability_zone_id": "usw2-az1",
                            "cidr_block": "10.20.2.0/24",
                            "id": "subnet-0ede9cc725e026b0e",
                            "ipv6_cidr_block": "",
                            "ipv6_cidr_block_association_id": "",
                            "map_public_ip_on_launch": "true",
                            "owner_id": "655131789217",
                            "tags.%": "1",
                            "tags.Name": "subnet-2",
                            "vpc_id": "vpc-001818ee90fba7e01"
                        },
                        "meta": {
                            "e2bfb730-ecaa-11e6-8f88-34363bc7c4c0": {
                                "create": 600000000000,
                                "delete": 600000000000
                            },
                            "schema_version": "1"
                        },
                        "tainted": false
                    },
                    "deposed": [],
                    "provider": "provider.aws"
                },
                "aws_vpc.java_vpc": {
                    "type": "aws_vpc",
                    "depends_on": [],
                    "primary": {
                        "id": "vpc-001818ee90fba7e01",
                        "attributes": {
                            "arn": "arn:aws:ec2:us-west-2:655131789217:vpc/vpc-001818ee90fba7e01",
                            "assign_generated_ipv6_cidr_block": "false",
                            "cidr_block": "10.20.0.0/16",
                            "default_network_acl_id": "acl-005e11c742add6ae1",
                            "default_route_table_id": "rtb-080c20b0f923c0585",
                            "default_security_group_id": "sg-0f285a9b30ee795a8",
                            "dhcp_options_id": "dopt-7cca6f04",
                            "enable_classiclink": "false",
                            "enable_classiclink_dns_support": "false",
                            "enable_dns_hostnames": "false",
                            "enable_dns_support": "true",
                            "id": "vpc-001818ee90fba7e01",
                            "instance_tenancy": "default",
                            "ipv6_association_id": "",
                            "ipv6_cidr_block": "",
                            "main_route_table_id": "rtb-080c20b0f923c0585",
                            "owner_id": "655131789217",
                            "tags.%": "1",
                            "tags.Name": "javavpc"
                        },
                        "meta": {
                            "schema_version": "1"
                        },
                        "tainted": false
                    },
                    "deposed": [],
                    "provider": "provider.aws"
                }
            },
            "depends_on": []
        }
    ]
}
